
Microsoft Visual Studio Solution File, Format Version 12.00
# Visual Studio for Mac
Project("{FAE04EC0-301F-11D3-BF4B-00C04F79EFBC}") = "unity-cookbook-2018-ch04-02b-extension-class", "unity-cookbook-2018-ch04-02b-extension-class.csproj", "{80085695-AFB9-BA66-ADAF-1AE4B6F64A9A}"
EndProject
Global
	GlobalSection(SolutionConfigurationPlatforms) = preSolution
		Debug|Any CPU = Debug|Any CPU
		Release|Any CPU = Release|Any CPU
	EndGlobalSection
	GlobalSection(ProjectConfigurationPlatforms) = postSolution
		{80085695-AFB9-BA66-ADAF-1AE4B6F64A9A}.Debug|Any CPU.ActiveCfg = Debug|Any CPU
		{80085695-AFB9-BA66-ADAF-1AE4B6F64A9A}.Debug|Any CPU.Build.0 = Debug|Any CPU
		{80085695-AFB9-BA66-ADAF-1AE4B6F64A9A}.Release|Any CPU.ActiveCfg = Release|Any CPU
		{80085695-AFB9-BA66-ADAF-1AE4B6F64A9A}.Release|Any CPU.Build.0 = Release|Any CPU
	EndGlobalSection
	GlobalSection(SolutionProperties) = preSolution
		HideSolutionNode = FALSE
	EndGlobalSection
EndGlobal
